
Microsoft Visual Studio Solution File, Format Version 12.00
# Visual Studio Version 17
VisualStudioVersion = 17.10.35013.160
MinimumVisualStudioVersion = 10.0.40219.1
Project("{FAE04EC0-301F-11D3-BF4B-00C04F79EFBC}") = "PatikaExercise1", "PatikaExercise1\PatikaExercise1.csproj", "{DE90E40C-0277-43CA-9705-758AA5BB0B68}"
EndProject
Global
	GlobalSection(SolutionConfigurationPlatforms) = preSolution
		Debug|Any CPU = Debug|Any CPU
		Release|Any CPU = Release|Any CPU
	EndGlobalSection
	GlobalSection(ProjectConfigurationPlatforms) = postSolution
		{DE90E40C-0277-43CA-9705-758AA5BB0B68}.Debug|Any CPU.ActiveCfg = Debug|Any CPU
		{DE90E40C-0277-43CA-9705-758AA5BB0B68}.Debug|Any CPU.Build.0 = Debug|Any CPU
		{DE90E40C-0277-43CA-9705-758AA5BB0B68}.Release|Any CPU.ActiveCfg = Release|Any CPU
		{DE90E40C-0277-43CA-9705-758AA5BB0B68}.Release|Any CPU.Build.0 = Release|Any CPU
	EndGlobalSection
	GlobalSection(SolutionProperties) = preSolution
		HideSolutionNode = FALSE
	EndGlobalSection
	GlobalSection(ExtensibilityGlobals) = postSolution
		SolutionGuid = {70D08473-C03B-4C89-AC76-F3083AD76A9F}
	EndGlobalSection
EndGlobal
